
Microsoft Visual Studio Solution File, Format Version 12.00
# Visual Studio Version 17
VisualStudioVersion = 17.0.31903.59
MinimumVisualStudioVersion = 10.0.40219.1
Project("{9A19103F-16F7-4668-BE54-9A1E7A4F7556}") = "Anixe", "Anixe\Anixe.csproj", "{4D3288E6-4A61-40EF-8D01-E9B24E403878}"
EndProject
Project("{9A19103F-16F7-4668-BE54-9A1E7A4F7556}") = "Anixe.Core", "Anixe.Core\Anixe.Core.csproj", "{B5C70709-AB79-4CEF-8CE8-968DBFD17580}"
EndProject
Project("{9A19103F-16F7-4668-BE54-9A1E7A4F7556}") = "Anixe.Business", "Anixe.Business\Anixe.Business.csproj", "{5040B712-0F5E-4C1F-9188-A6A5F88A4601}"
EndProject
Project("{9A19103F-16F7-4668-BE54-9A1E7A4F7556}") = "Anixe.Infrastructure", "Anixe.Infrastructure\Anixe.Infrastructure.csproj", "{650CD4BC-EE8D-46A2-8701-D0CAEECC5425}"
EndProject
Project("{FAE04EC0-301F-11D3-BF4B-00C04F79EFBC}") = "Anixe.Test", "Anixe.Test\Anixe.Test.csproj", "{6DC9387F-7D8E-47F8-ACDE-9A9140A5EDD5}"
EndProject
Global
	GlobalSection(SolutionConfigurationPlatforms) = preSolution
		Debug|Any CPU = Debug|Any CPU
		Release|Any CPU = Release|Any CPU
	EndGlobalSection
	GlobalSection(ProjectConfigurationPlatforms) = postSolution
		{4D3288E6-4A61-40EF-8D01-E9B24E403878}.Debug|Any CPU.ActiveCfg = Debug|Any CPU
		{4D3288E6-4A61-40EF-8D01-E9B24E403878}.Debug|Any CPU.Build.0 = Debug|Any CPU
		{4D3288E6-4A61-40EF-8D01-E9B24E403878}.Release|Any CPU.ActiveCfg = Release|Any CPU
		{4D3288E6-4A61-40EF-8D01-E9B24E403878}.Release|Any CPU.Build.0 = Release|Any CPU
		{B5C70709-AB79-4CEF-8CE8-968DBFD17580}.Debug|Any CPU.ActiveCfg = Debug|Any CPU
		{B5C70709-AB79-4CEF-8CE8-968DBFD17580}.Debug|Any CPU.Build.0 = Debug|Any CPU
		{B5C70709-AB79-4CEF-8CE8-968DBFD17580}.Release|Any CPU.ActiveCfg = Release|Any CPU
		{B5C70709-AB79-4CEF-8CE8-968DBFD17580}.Release|Any CPU.Build.0 = Release|Any CPU
		{5040B712-0F5E-4C1F-9188-A6A5F88A4601}.Debug|Any CPU.ActiveCfg = Debug|Any CPU
		{5040B712-0F5E-4C1F-9188-A6A5F88A4601}.Debug|Any CPU.Build.0 = Debug|Any CPU
		{5040B712-0F5E-4C1F-9188-A6A5F88A4601}.Release|Any CPU.ActiveCfg = Release|Any CPU
		{5040B712-0F5E-4C1F-9188-A6A5F88A4601}.Release|Any CPU.Build.0 = Release|Any CPU
		{650CD4BC-EE8D-46A2-8701-D0CAEECC5425}.Debug|Any CPU.ActiveCfg = Debug|Any CPU
		{650CD4BC-EE8D-46A2-8701-D0CAEECC5425}.Debug|Any CPU.Build.0 = Debug|Any CPU
		{650CD4BC-EE8D-46A2-8701-D0CAEECC5425}.Release|Any CPU.ActiveCfg = Release|Any CPU
		{650CD4BC-EE8D-46A2-8701-D0CAEECC5425}.Release|Any CPU.Build.0 = Release|Any CPU
		{6DC9387F-7D8E-47F8-ACDE-9A9140A5EDD5}.Debug|Any CPU.ActiveCfg = Debug|Any CPU
		{6DC9387F-7D8E-47F8-ACDE-9A9140A5EDD5}.Debug|Any CPU.Build.0 = Debug|Any CPU
		{6DC9387F-7D8E-47F8-ACDE-9A9140A5EDD5}.Release|Any CPU.ActiveCfg = Release|Any CPU
		{6DC9387F-7D8E-47F8-ACDE-9A9140A5EDD5}.Release|Any CPU.Build.0 = Release|Any CPU
	EndGlobalSection
	GlobalSection(SolutionProperties) = preSolution
		HideSolutionNode = FALSE
	EndGlobalSection
	GlobalSection(ExtensibilityGlobals) = postSolution
		SolutionGuid = {756379D0-73B9-4877-A227-827CD6395748}
	EndGlobalSection
EndGlobal
